// !$*UTF8*$!
{
	archiveVersion = 1;
	classes = {
	};
	objectVersion = 46;
	objects = {

/* Begin PBXBuildFile section */
		9F2E8F541D61695000BC67DB /* main.m in Sources */ = {isa = PBXBuildFile; fileRef = 9F2E8F531D61695000BC67DB /* main.m */; };
		9F2E8F571D61695000BC67DB /* AppDelegate.m in Sources */ = {isa = PBXBuildFile; fileRef = 9F2E8F561D61695000BC67DB /* AppDelegate.m */; };
		9F2E8F5A1D61695000BC67DB /* ViewController.m in Sources */ = {isa = PBXBuildFile; fileRef = 9F2E8F591D61695000BC67DB /* ViewController.m */; };
		9F2E8F5D1D61695000BC67DB /* Main.storyboard in Resources */ = {isa = PBXBuildFile; fileRef = 9F2E8F5B1D61695000BC67DB /* Main.storyboard */; };
		9F2E8F5F1D61695000BC67DB /* Assets.xcassets in Resources */ = {isa = PBXBuildFile; fileRef = 9F2E8F5E1D61695000BC67DB /* Assets.xcassets */; };
		9F2E8F621D61695000BC67DB /* LaunchScreen.storyboard in Resources */ = {isa = PBXBuildFile; fileRef = 9F2E8F601D61695000BC67DB /* LaunchScreen.storyboard */; };
		9F2E8F6D1D61695000BC67DB /* SQLCipherAppTests.m in Sources */ = {isa = PBXBuildFile; fileRef = 9F2E8F6C1D61695000BC67DB /* SQLCipherAppTests.m */; };
		9F2E8F781D61695000BC67DB /* SQLCipherAppUITests.m in Sources */ = {isa = PBXBuildFile; fileRef = 9F2E8F771D61695000BC67DB /* SQLCipherAppUITests.m */; };
		9F2E8F9A1D616B3700BC67DB /* libsqlcipher.a in Frameworks */ = {isa = PBXBuildFile; fileRef = 9F2E8F971D616AA200BC67DB /* libsqlcipher.a */; };
/* End PBXBuildFile section */

/* Begin PBXContainerItemProxy section */
		9F2E8F691D61695000BC67DB /* PBXContainerItemProxy */ = {
			isa = PBXContainerItemProxy;
			containerPortal = 9F2E8F471D61695000BC67DB /* Project object */;
			proxyType = 1;
			remoteGlobalIDString = 9F2E8F4E1D61695000BC67DB;
			remoteInfo = SQLCipherApp;
		};
		9F2E8F741D61695000BC67DB /* PBXContainerItemProxy */ = {
			isa = PBXContainerItemProxy;
			containerPortal = 9F2E8F471D61695000BC67DB /* Project object */;
			proxyType = 1;
			remoteGlobalIDString = 9F2E8F4E1D61695000BC67DB;
			remoteInfo = SQLCipherApp;
		};
		9F2E8F8E1D616AA200BC67DB /* PBXContainerItemProxy */ = {
			isa = PBXContainerItemProxy;
			containerPortal = 9F2E8F851D616AA200BC67DB /* sqlcipher.xcodeproj */;
			proxyType = 2;
			remoteGlobalIDString = 4C0041981BFC382400ED2AD5;
			remoteInfo = "SQLCipher iOS";
		};
		9F2E8F901D616AA200BC67DB /* PBXContainerItemProxy */ = {
			isa = PBXContainerItemProxy;
			containerPortal = 9F2E8F851D616AA200BC67DB /* sqlcipher.xcodeproj */;
			proxyType = 2;
			remoteGlobalIDString = 4C0041B11BFC3B2200ED2AD5;
			remoteInfo = "SQLCipher OSX";
		};
		9F2E8F921D616AA200BC67DB /* PBXContainerItemProxy */ = {
			isa = PBXContainerItemProxy;
			containerPortal = 9F2E8F851D616AA200BC67DB /* sqlcipher.xcodeproj */;
			proxyType = 2;
			remoteGlobalIDString = 4C0041C31BFC3CC000ED2AD5;
			remoteInfo = "SQLCipher tvOS";
		};
		9F2E8F941D616AA200BC67DB /* PBXContainerItemProxy */ = {
			isa = PBXContainerItemProxy;
			containerPortal = 9F2E8F851D616AA200BC67DB /* sqlcipher.xcodeproj */;
			proxyType = 2;
			remoteGlobalIDString = 4C0041D61BFC3E2500ED2AD5;
			remoteInfo = "SQLCipher watchOS";
		};
		9F2E8F961D616AA200BC67DB /* PBXContainerItemProxy */ = {
			isa = PBXContainerItemProxy;
			containerPortal = 9F2E8F851D616AA200BC67DB /* sqlcipher.xcodeproj */;
			proxyType = 2;
			remoteGlobalIDString = D2AAC046055464E500DB518D;
			remoteInfo = sqlcipher;
		};
		9F2E8F981D616B2D00BC67DB /* PBXContainerItemProxy */ = {
			isa = PBXContainerItemProxy;
			containerPortal = 9F2E8F851D616AA200BC67DB /* sqlcipher.xcodeproj */;
			proxyType = 1;
			remoteGlobalIDString = D2AAC045055464E500DB518D;
			remoteInfo = sqlcipher;
		};
/* End PBXContainerItemProxy section */

/* Begin PBXFileReference section */
		9F2E8F4F1D61695000BC67DB /* SQLCipherApp.app */ = {isa = PBXFileReference; explicitFileType = wrapper.application; includeInIndex = 0; path = SQLCipherApp.app; sourceTree = BUILT_PRODUCTS_DIR; };
		9F2E8F531D61695000BC67DB /* main.m */ = {isa = PBXFileReference; lastKnownFileType = sourcecode.c.objc; path = main.m; sourceTree = "<group>"; };
		9F2E8F551D61695000BC67DB /* AppDelegate.h */ = {isa = PBXFileReference; lastKnownFileType = sourcecode.c.h; path = AppDelegate.h; sourceTree = "<group>"; };
		9F2E8F561D61695000BC67DB /* AppDelegate.m */ = {isa = PBXFileReference; lastKnownFileType = sourcecode.c.objc; path = AppDelegate.m; sourceTree = "<group>"; };
		9F2E8F581D61695000BC67DB /* ViewController.h */ = {isa = PBXFileReference; lastKnownFileType = sourcecode.c.h; path = ViewController.h; sourceTree = "<group>"; };
		9F2E8F591D61695000BC67DB /* ViewController.m */ = {isa = PBXFileReference; lastKnownFileType = sourcecode.c.objc; path = ViewController.m; sourceTree = "<group>"; };
		9F2E8F5C1D61695000BC67DB /* Base */ = {isa = PBXFileReference; lastKnownFileType = file.storyboard; name = Base; path = Base.lproj/Main.storyboard; sourceTree = "<group>"; };
		9F2E8F5E1D61695000BC67DB /* Assets.xcassets */ = {isa = PBXFileReference; lastKnownFileType = folder.assetcatalog; path = Assets.xcassets; sourceTree = "<group>"; };
		9F2E8F611D61695000BC67DB /* Base */ = {isa = PBXFileReference; lastKnownFileType = file.storyboard; name = Base; path = Base.lproj/LaunchScreen.storyboard; sourceTree = "<group>"; };
		9F2E8F631D61695000BC67DB /* Info.plist */ = {isa = PBXFileReference; lastKnownFileType = text.plist.xml; path = Info.plist; sourceTree = "<group>"; };
		9F2E8F681D61695000BC67DB /* SQLCipherAppTests.xctest */ = {isa = PBXFileReference; explicitFileType = wrapper.cfbundle; includeInIndex = 0; path = SQLCipherAppTests.xctest; sourceTree = BUILT_PRODUCTS_DIR; };
		9F2E8F6C1D61695000BC67DB /* SQLCipherAppTests.m */ = {isa = PBXFileReference; lastKnownFileType = sourcecode.c.objc; path = SQLCipherAppTests.m; sourceTree = "<group>"; };
		9F2E8F6E1D61695000BC67DB /* Info.plist */ = {isa = PBXFileReference; lastKnownFileType = text.plist.xml; path = Info.plist; sourceTree = "<group>"; };
		9F2E8F731D61695000BC67DB /* SQLCipherAppUITests.xctest */ = {isa = PBXFileReference; explicitFileType = wrapper.cfbundle; includeInIndex = 0; path = SQLCipherAppUITests.xctest; sourceTree = BUILT_PRODUCTS_DIR; };
		9F2E8F771D61695000BC67DB /* SQLCipherAppUITests.m */ = {isa = PBXFileReference; lastKnownFileType = sourcecode.c.objc; path = SQLCipherAppUITests.m; sourceTree = "<group>"; };
		9F2E8F791D61695000BC67DB /* Info.plist */ = {isa = PBXFileReference; lastKnownFileType = text.plist.xml; path = Info.plist; sourceTree = "<group>"; };
		9F2E8F851D616AA200BC67DB /* sqlcipher.xcodeproj */ = {isa = PBXFileReference; lastKnownFileType = "wrapper.pb-project"; name = sqlcipher.xcodeproj; path = sqlcipher/sqlcipher.xcodeproj; sourceTree = "<group>"; };
/* End PBXFileReference section */

/* Begin PBXFrameworksBuildPhase section */
		9F2E8F4C1D61695000BC67DB /* Frameworks */ = {
			isa = PBXFrameworksBuildPhase;
			buildActionMask = 2147483647;
			files = (
				9F2E8F9A1D616B3700BC67DB /* libsqlcipher.a in Frameworks */,
			);
			runOnlyForDeploymentPostprocessing = 0;
		};
		9F2E8F651D61695000BC67DB /* Frameworks */ = {
			isa = PBXFrameworksBuildPhase;
			buildActionMask = 2147483647;
			files = (
			);
			runOnlyForDeploymentPostprocessing = 0;
		};
		9F2E8F701D61695000BC67DB /* Frameworks */ = {
			isa = PBXFrameworksBuildPhase;
			buildActionMask = 2147483647;
			files = (
			);
			runOnlyForDeploymentPostprocessing = 0;
		};
/* End PBXFrameworksBuildPhase section */

/* Begin PBXGroup section */
		9F2E8F461D61695000BC67DB = {
			isa = PBXGroup;
			children = (
				9F2E8F851D616AA200BC67DB /* sqlcipher.xcodeproj */,
				9F2E8F511D61695000BC67DB /* SQLCipherApp */,
				9F2E8F6B1D61695000BC67DB /* SQLCipherAppTests */,
				9F2E8F761D61695000BC67DB /* SQLCipherAppUITests */,
				9F2E8F501D61695000BC67DB /* Products */,
			);
			sourceTree = "<group>";
		};
		9F2E8F501D61695000BC67DB /* Products */ = {
			isa = PBXGroup;
			children = (
				9F2E8F4F1D61695000BC67DB /* SQLCipherApp.app */,
				9F2E8F681D61695000BC67DB /* SQLCipherAppTests.xctest */,
				9F2E8F731D61695000BC67DB /* SQLCipherAppUITests.xctest */,
			);
			name = Products;
			sourceTree = "<group>";
		};
		9F2E8F511D61695000BC67DB /* SQLCipherApp */ = {
			isa = PBXGroup;
			children = (
				9F2E8F551D61695000BC67DB /* AppDelegate.h */,
				9F2E8F561D61695000BC67DB /* AppDelegate.m */,
				9F2E8F581D61695000BC67DB /* ViewController.h */,
				9F2E8F591D61695000BC67DB /* ViewController.m */,
				9F2E8F5B1D61695000BC67DB /* Main.storyboard */,
				9F2E8F5E1D61695000BC67DB /* Assets.xcassets */,
				9F2E8F601D61695000BC67DB /* LaunchScreen.storyboard */,
				9F2E8F631D61695000BC67DB /* Info.plist */,
				9F2E8F521D61695000BC67DB /* Supporting Files */,
			);
			path = SQLCipherApp;
			sourceTree = "<group>";
		};
		9F2E8F521D61695000BC67DB /* Supporting Files */ = {
			isa = PBXGroup;
			children = (
				9F2E8F531D61695000BC67DB /* main.m */,
			);
			name = "Supporting Files";
			sourceTree = "<group>";
		};
		9F2E8F6B1D61695000BC67DB /* SQLCipherAppTests */ = {
			isa = PBXGroup;
			children = (
				9F2E8F6C1D61695000BC67DB /* SQLCipherAppTests.m */,
				9F2E8F6E1D61695000BC67DB /* Info.plist */,
			);
			path = SQLCipherAppTests;
			sourceTree = "<group>";
		};
		9F2E8F761D61695000BC67DB /* SQLCipherAppUITests */ = {
			isa = PBXGroup;
			children = (
				9F2E8F771D61695000BC67DB /* SQLCipherAppUITests.m */,
				9F2E8F791D61695000BC67DB /* Info.plist */,
			);
			path = SQLCipherAppUITests;
			sourceTree = "<group>";
		};
		9F2E8F861D616AA200BC67DB /* Products */ = {
			isa = PBXGroup;
			children = (
				9F2E8F8F1D616AA200BC67DB /* SQLCipher.framework */,
				9F2E8F911D616AA200BC67DB /* SQLCipher.framework */,
				9F2E8F931D616AA200BC67DB /* SQLCipher.framework */,
				9F2E8F951D616AA200BC67DB /* SQLCipher.framework */,
				9F2E8F971D616AA200BC67DB /* libsqlcipher.a */,
			);
			name = Products;
			sourceTree = "<group>";
		};
/* End PBXGroup section */

/* Begin PBXNativeTarget section */
		9F2E8F4E1D61695000BC67DB /* SQLCipherApp */ = {
			isa = PBXNativeTarget;
			buildConfigurationList = 9F2E8F7C1D61695000BC67DB /* Build configuration list for PBXNativeTarget "SQLCipherApp" */;
			buildPhases = (
				9F2E8F4B1D61695000BC67DB /* Sources */,
				9F2E8F4C1D61695000BC67DB /* Frameworks */,
				9F2E8F4D1D61695000BC67DB /* Resources */,
			);
			buildRules = (
			);
			dependencies = (
				9F2E8F991D616B2D00BC67DB /* PBXTargetDependency */,
			);
			name = SQLCipherApp;
			productName = SQLCipherApp;
			productReference = 9F2E8F4F1D61695000BC67DB /* SQLCipherApp.app */;
			productType = "com.apple.product-type.application";
		};
		9F2E8F671D61695000BC67DB /* SQLCipherAppTests */ = {
			isa = PBXNativeTarget;
			buildConfigurationList = 9F2E8F7F1D61695000BC67DB /* Build configuration list for PBXNativeTarget "SQLCipherAppTests" */;
			buildPhases = (
				9F2E8F641D61695000BC67DB /* Sources */,
				9F2E8F651D61695000BC67DB /* Frameworks */,
				9F2E8F661D61695000BC67DB /* Resources */,
			);
			buildRules = (
			);
			dependencies = (
				9F2E8F6A1D61695000BC67DB /* PBXTargetDependency */,
			);
			name = SQLCipherAppTests;
			productName = SQLCipherAppTests;
			productReference = 9F2E8F681D61695000BC67DB /* SQLCipherAppTests.xctest */;
			productType = "com.apple.product-type.bundle.unit-test";
		};
		9F2E8F721D61695000BC67DB /* SQLCipherAppUITests */ = {
			isa = PBXNativeTarget;
			buildConfigurationList = 9F2E8F821D61695000BC67DB /* Build configuration list for PBXNativeTarget "SQLCipherAppUITests" */;
			buildPhases = (
				9F2E8F6F1D61695000BC67DB /* Sources */,
				9F2E8F701D61695000BC67DB /* Frameworks */,
				9F2E8F711D61695000BC67DB /* Resources */,
			);
			buildRules = (
			);
			dependencies = (
				9F2E8F751D61695000BC67DB /* PBXTargetDependency */,
			);
			name = SQLCipherAppUITests;
			productName = SQLCipherAppUITests;
			productReference = 9F2E8F731D61695000BC67DB /* SQLCipherAppUITests.xctest */;
			productType = "com.apple.product-type.bundle.ui-testing";
		};
/* End PBXNativeTarget section */

/* Begin PBXProject section */
		9F2E8F471D61695000BC67DB /* Project object */ = {
			isa = PBXProject;
			attributes = {
				LastUpgradeCheck = 0730;
				ORGANIZATIONNAME = "张传奇";
				TargetAttributes = {
					9F2E8F4E1D61695000BC67DB = {
						CreatedOnToolsVersion = 7.3.1;
					};
					9F2E8F671D61695000BC67DB = {
						CreatedOnToolsVersion = 7.3.1;
						TestTargetID = 9F2E8F4E1D61695000BC67DB;
					};
					9F2E8F721D61695000BC67DB = {
						CreatedOnToolsVersion = 7.3.1;
						TestTargetID = 9F2E8F4E1D61695000BC67DB;
					};
				};
			};
			buildConfigurationList = 9F2E8F4A1D61695000BC67DB /* Build configuration list for PBXProject "SQLCipherApp" */;
			compatibilityVersion = "Xcode 3.2";
			developmentRegion = English;
			hasScannedForEncodings = 0;
			knownRegions = (
				en,
				Base,
			);
			mainGroup = 9F2E8F461D61695000BC67DB;
			productRefGroup = 9F2E8F501D61695000BC67DB /* Products */;
			projectDirPath = "";
			projectReferences = (
				{
					ProductGroup = 9F2E8F861D616AA200BC67DB /* Products */;
					ProjectRef = 9F2E8F851D616AA200BC67DB /* sqlcipher.xcodeproj */;
				},
			);
			projectRoot = "";
			targets = (
				9F2E8F4E1D61695000BC67DB /* SQLCipherApp */,
				9F2E8F671D61695000BC67DB /* SQLCipherAppTests */,
				9F2E8F721D61695000BC67DB /* SQLCipherAppUITests */,
			);
		};
/* End PBXProject section */

/* Begin PBXReferenceProxy section */
		9F2E8F8F1D616AA200BC67DB /* SQLCipher.framework */ = {
			isa = PBXReferenceProxy;
			fileType = wrapper.framework;
			path = SQLCipher.framework;
			remoteRef = 9F2E8F8E1D616AA200BC67DB /* PBXContainerItemProxy */;
			sourceTree = BUILT_PRODUCTS_DIR;
		};
		9F2E8F911D616AA200BC67DB /* SQLCipher.framework */ = {
			isa = PBXReferenceProxy;
			fileType = wrapper.framework;
			path = SQLCipher.framework;
			remoteRef = 9F2E8F901D616AA200BC67DB /* PBXContainerItemProxy */;
			sourceTree = BUILT_PRODUCTS_DIR;
		};
		9F2E8F931D616AA200BC67DB /* SQLCipher.framework */ = {
			isa = PBXReferenceProxy;
			fileType = wrapper.framework;
			path = SQLCipher.framework;
			remoteRef = 9F2E8F921D616AA200BC67DB /* PBXContainerItemProxy */;
			sourceTree = BUILT_PRODUCTS_DIR;
		};
		9F2E8F951D616AA200BC67DB /* SQLCipher.framework */ = {
			isa = PBXReferenceProxy;
			fileType = wrapper.framework;
			path = SQLCipher.framework;
			remoteRef = 9F2E8F941D616AA200BC67DB /* PBXContainerItemProxy */;
			sourceTree = BUILT_PRODUCTS_DIR;
		};
		9F2E8F971D616AA200BC67DB /* libsqlcipher.a */ = {
			isa = PBXReferenceProxy;
			fileType = archive.ar;
			path = libsqlcipher.a;
			remoteRef = 9F2E8F961D616AA200BC67DB /* PBXContainerItemProxy */;
			sourceTree = BUILT_PRODUCTS_DIR;
		};
/* End PBXReferenceProxy section */

/* Begin PBXResourcesBuildPhase section */
		9F2E8F4D1D61695000BC67DB /* Resources */ = {
			isa = PBXResourcesBuildPhase;
			buildActionMask = 2147483647;
			files = (
				9F2E8F621D61695000BC67DB /* LaunchScreen.storyboard in Resources */,
				9F2E8F5F1D61695000BC67DB /* Assets.xcassets in Resources */,
				9F2E8F5D1D61695000BC67DB /* Main.storyboard in Resources */,
			);
			runOnlyForDeploymentPostprocessing = 0;
		};
		9F2E8F661D61695000BC67DB /* Resources */ = {
			isa = PBXResourcesBuildPhase;
			buildActionMask = 2147483647;
			files = (
			);
			runOnlyForDeploymentPostprocessing = 0;
		};
		9F2E8F711D61695000BC67DB /* Resources */ = {
			isa = PBXResourcesBuildPhase;
			buildActionMask = 2147483647;
			files = (
			);
			runOnlyForDeploymentPostprocessing = 0;
		};
/* End PBXResourcesBuildPhase section */

/* Begin PBXSourcesBuildPhase section */
		9F2E8F4B1D61695000BC67DB /* Sources */ = {
			isa = PBXSourcesBuildPhase;
			buildActionMask = 2147483647;
			files = (
				9F2E8F5A1D61695000BC67DB /* ViewController.m in Sources */,
				9F2E8F571D61695000BC67DB /* AppDelegate.m in Sources */,
				9F2E8F541D61695000BC67DB /* main.m in Sources */,
			);
			runOnlyForDeploymentPostprocessing = 0;
		};
		9F2E8F641D61695000BC67DB /* Sources */ = {
			isa = PBXSourcesBuildPhase;
			buildActionMask = 2147483647;
			files = (
				9F2E8F6D1D61695000BC67DB /* SQLCipherAppTests.m in Sources */,
			);
			runOnlyForDeploymentPostprocessing = 0;
		};
		9F2E8F6F1D61695000BC67DB /* Sources */ = {
			isa = PBXSourcesBuildPhase;
			buildActionMask = 2147483647;
			files = (
				9F2E8F781D61695000BC67DB /* SQLCipherAppUITests.m in Sources */,
			);
			runOnlyForDeploymentPostprocessing = 0;
		};
/* End PBXSourcesBuildPhase section */

/* Begin PBXTargetDependency section */
		9F2E8F6A1D61695000BC67DB /* PBXTargetDependency */ = {
			isa = PBXTargetDependency;
			target = 9F2E8F4E1D61695000BC67DB /* SQLCipherApp */;
			targetProxy = 9F2E8F691D61695000BC67DB /* PBXContainerItemProxy */;
		};
		9F2E8F751D61695000BC67DB /* PBXTargetDependency */ = {
			isa = PBXTargetDependency;
			target = 9F2E8F4E1D61695000BC67DB /* SQLCipherApp */;
			targetProxy = 9F2E8F741D61695000BC67DB /* PBXContainerItemProxy */;
		};
		9F2E8F991D616B2D00BC67DB /* PBXTargetDependency */ = {
			isa = PBXTargetDependency;
			name = sqlcipher;
			targetProxy = 9F2E8F981D616B2D00BC67DB /* PBXContainerItemProxy */;
		};
/* End PBXTargetDependency section */

/* Begin PBXVariantGroup section */
		9F2E8F5B1D61695000BC67DB /* Main.storyboard */ = {
			isa = PBXVariantGroup;
			children = (
				9F2E8F5C1D61695000BC67DB /* Base */,
			);
			name = Main.storyboard;
			sourceTree = "<group>";
		};
		9F2E8F601D61695000BC67DB /* LaunchScreen.storyboard */ = {
			isa = PBXVariantGroup;
			children = (
				9F2E8F611D61695000BC67DB /* Base */,
			);
			name = LaunchScreen.storyboard;
			sourceTree = "<group>";
		};
/* End PBXVariantGroup section */

/* Begin XCBuildConfiguration section */
		9F2E8F7A1D61695000BC67DB /* Debug */ = {
			isa = XCBuildConfiguration;
			buildSettings = {
				ALWAYS_SEARCH_USER_PATHS = NO;
				CLANG_ANALYZER_NONNULL = YES;
				CLANG_CXX_LANGUAGE_STANDARD = "gnu++0x";
				CLANG_CXX_LIBRARY = "libc++";
				CLANG_ENABLE_MODULES = YES;
				CLANG_ENABLE_OBJC_ARC = YES;
				CLANG_WARN_BOOL_CONVERSION = YES;
				CLANG_WARN_CONSTANT_CONVERSION = YES;
				CLANG_WARN_DIRECT_OBJC_ISA_USAGE = YES_ERROR;
				CLANG_WARN_EMPTY_BODY = YES;
				CLANG_WARN_ENUM_CONVERSION = YES;
				CLANG_WARN_INT_CONVERSION = YES;
				CLANG_WARN_OBJC_ROOT_CLASS = YES_ERROR;
				CLANG_WARN_UNREACHABLE_CODE = YES;
				CLANG_WARN__DUPLICATE_METHOD_MATCH = YES;
				"CODE_SIGN_IDENTITY[sdk=iphoneos*]" = "iPhone Developer";
				COPY_PHASE_STRIP = NO;
				DEBUG_INFORMATION_FORMAT = dwarf;
				ENABLE_STRICT_OBJC_MSGSEND = YES;
				ENABLE_TESTABILITY = YES;
				GCC_C_LANGUAGE_STANDARD = gnu99;
				GCC_DYNAMIC_NO_PIC = NO;
				GCC_NO_COMMON_BLOCKS = YES;
				GCC_OPTIMIZATION_LEVEL = 0;
				GCC_PREPROCESSOR_DEFINITIONS = (
					"DEBUG=1",
					"$(inherited)",
				);
				GCC_WARN_64_TO_32_BIT_CONVERSION = YES;
				GCC_WARN_ABOUT_RETURN_TYPE = YES_ERROR;
				GCC_WARN_UNDECLARED_SELECTOR = YES;
				GCC_WARN_UNINITIALIZED_AUTOS = YES_AGGRESSIVE;
				GCC_WARN_UNUSED_FUNCTION = YES;
				GCC_WARN_UNUSED_VARIABLE = YES;
				IPHONEOS_DEPLOYMENT_TARGET = 9.3;
				MTL_ENABLE_DEBUG_INFO = YES;
				ONLY_ACTIVE_ARCH = YES;
				SDKROOT = iphoneos;
				TARGETED_DEVICE_FAMILY = "1,2";
			};
			name = Debug;
		};
		9F2E8F7B1D61695000BC67DB /* Release */ = {
			isa = XCBuildConfiguration;
			buildSettings = {
				ALWAYS_SEARCH_USER_PATHS = NO;
				CLANG_ANALYZER_NONNULL = YES;
				CLANG_CXX_LANGUAGE_STANDARD = "gnu++0x";
				CLANG_CXX_LIBRARY = "libc++";
				CLANG_ENABLE_MODULES = YES;
				CLANG_ENABLE_OBJC_ARC = YES;
				CLANG_WARN_BOOL_CONVERSION = YES;
				CLANG_WARN_CONSTANT_CONVERSION = YES;
				CLANG_WARN_DIRECT_OBJC_ISA_USAGE = YES_ERROR;
				CLANG_WARN_EMPTY_BODY = YES;
				CLANG_WARN_ENUM_CONVERSION = YES;
				CLANG_WARN_INT_CONVERSION = YES;
				CLANG_WARN_OBJC_ROOT_CLASS = YES_ERROR;
				CLANG_WARN_UNREACHABLE_CODE = YES;
				CLANG_WARN__DUPLICATE_METHOD_MATCH = YES;
				"CODE_SIGN_IDENTITY[sdk=iphoneos*]" = "iPhone Developer";
				COPY_PHASE_STRIP = NO;
				DEBUG_INFORMATION_FORMAT = "dwarf-with-dsym";
				ENABLE_NS_ASSERTIONS = NO;
				ENABLE_STRICT_OBJC_MSGSEND = YES;
				GCC_C_LANGUAGE_STANDARD = gnu99;
				GCC_NO_COMMON_BLOCKS = YES;
				GCC_WARN_64_TO_32_BIT_CONVERSION = YES;
				GCC_WARN_ABOUT_RETURN_TYPE = YES_ERROR;
				GCC_WARN_UNDECLARED_SELECTOR = YES;
				GCC_WARN_UNINITIALIZED_AUTOS = YES_AGGRESSIVE;
				GCC_WARN_UNUSED_FUNCTION = YES;
				GCC_WARN_UNUSED_VARIABLE = YES;
				IPHONEOS_DEPLOYMENT_TARGET = 9.3;
				MTL_ENABLE_DEBUG_INFO = NO;
				SDKROOT = iphoneos;
				TARGETED_DEVICE_FAMILY = "1,2";
				VALIDATE_PRODUCT = YES;
			};
			name = Release;
		};
		9F2E8F7D1D61695000BC67DB /* Debug */ = {
			isa = XCBuildConfiguration;
			buildSettings = {
				ASSETCATALOG_COMPILER_APPICON_NAME = AppIcon;
				HEADER_SEARCH_PATHS = ../sqlcipher/src;
				INFOPLIST_FILE = SQLCipherApp/Info.plist;
				LD_RUNPATH_SEARCH_PATHS = "$(inherited) @executable_path/Frameworks";
				OTHER_CFLAGS = "-DSQLITE_HAS_CODEC";
				PRODUCT_BUNDLE_IDENTIFIER = "---.SQLCipherApp";
				PRODUCT_NAME = "$(TARGET_NAME)";
			};
			name = Debug;
		};
		9F2E8F7E1D61695000BC67DB /* Release */ = {
			isa = XCBuildConfiguration;
			buildSettings = {
				ASSETCATALOG_COMPILER_APPICON_NAME = AppIcon;
				HEADER_SEARCH_PATHS = ../sqlcipher/src;
				INFOPLIST_FILE = SQLCipherApp/Info.plist;
				LD_RUNPATH_SEARCH_PATHS = "$(inherited) @executable_path/Frameworks";
				OTHER_CFLAGS = "-DSQLITE_HAS_CODEC";
				PRODUCT_BUNDLE_IDENTIFIER = "---.SQLCipherApp";
				PRODUCT_NAME = "$(TARGET_NAME)";
			};
			name = Release;
		};
		9F2E8F801D61695000BC67DB /* Debug */ = {
			isa = XCBuildConfiguration;
			buildSettings = {
				BUNDLE_LOADER = "$(TEST_HOST)";
				INFOPLIST_FILE = SQLCipherAppTests/Info.plist;
				LD_RUNPATH_SEARCH_PATHS = "$(inherited) @executable_path/Frameworks @loader_path/Frameworks";
				PRODUCT_BUNDLE_IDENTIFIER = "---.SQLCipherAppTests";
				PRODUCT_NAME = "$(TARGET_NAME)";
				TEST_HOST = "$(BUILT_PRODUCTS_DIR)/SQLCipherApp.app/SQLCipherApp";
			};
			name = Debug;
		};
		9F2E8F811D61695000BC67DB /* Release */ = {
			isa = XCBuildConfiguration;
			buildSettings = {
				BUNDLE_LOADER = "$(TEST_HOST)";
				INFOPLIST_FILE = SQLCipherAppTests/Info.plist;
				LD_RUNPATH_SEARCH_PATHS = "$(inherited) @executable_path/Frameworks @loader_path/Frameworks";
				PRODUCT_BUNDLE_IDENTIFIER = "---.SQLCipherAppTests";
				PRODUCT_NAME = "$(TARGET_NAME)";
				TEST_HOST = "$(BUILT_PRODUCTS_DIR)/SQLCipherApp.app/SQLCipherApp";
			};
			name = Release;
		};
		9F2E8F831D61695000BC67DB /* Debug */ = {
			isa = XCBuildConfiguration;
			buildSettings = {
				INFOPLIST_FILE = SQLCipherAppUITests/Info.plist;
				LD_RUNPATH_SEARCH_PATHS = "$(inherited) @executable_path/Frameworks @loader_path/Frameworks";
				PRODUCT_BUNDLE_IDENTIFIER = "---.SQLCipherAppUITests";
				PRODUCT_NAME = "$(TARGET_NAME)";
				TEST_TARGET_NAME = SQLCipherApp;
			};
			name = Debug;
		};
		9F2E8F841D61695000BC67DB /* Release */ = {
			isa = XCBuildConfiguration;
			buildSettings = {
				INFOPLIST_FILE = SQLCipherAppUITests/Info.plist;
				LD_RUNPATH_SEARCH_PATHS = "$(inherited) @executable_path/Frameworks @loader_path/Frameworks";
				PRODUCT_BUNDLE_IDENTIFIER = "---.SQLCipherAppUITests";
				PRODUCT_NAME = "$(TARGET_NAME)";
				TEST_TARGET_NAME = SQLCipherApp;
			};
			name = Release;
		};
/* End XCBuildConfiguration section */

/* Begin XCConfigurationList section */
		9F2E8F4A1D61695000BC67DB /* Build configuration list for PBXProject "SQLCipherApp" */ = {
			isa = XCConfigurationList;
			buildConfigurations = (
				9F2E8F7A1D61695000BC67DB /* Debug */,
				9F2E8F7B1D61695000BC67DB /* Release */,
			);
			defaultConfigurationIsVisible = 0;
			defaultConfigurationName = Release;
		};
		9F2E8F7C1D61695000BC67DB /* Build configuration list for PBXNativeTarget "SQLCipherApp" */ = {
			isa = XCConfigurationList;
			buildConfigurations = (
				9F2E8F7D1D61695000BC67DB /* Debug */,
				9F2E8F7E1D61695000BC67DB /* Release */,
			);
			defaultConfigurationIsVisible = 0;
			defaultConfigurationName = Release;
		};
		9F2E8F7F1D61695000BC67DB /* Build configuration list for PBXNativeTarget "SQLCipherAppTests" */ = {
			isa = XCConfigurationList;
			buildConfigurations = (
				9F2E8F801D61695000BC67DB /* Debug */,
				9F2E8F811D61695000BC67DB /* Release */,
			);
			defaultConfigurationIsVisible = 0;
			defaultConfigurationName = Release;
		};
		9F2E8F821D61695000BC67DB /* Build configuration list for PBXNativeTarget "SQLCipherAppUITests" */ = {
			isa = XCConfigurationList;
			buildConfigurations = (
				9F2E8F831D61695000BC67DB /* Debug */,
				9F2E8F841D61695000BC67DB /* Release */,
			);
			defaultConfigurationIsVisible = 0;
			defaultConfigurationName = Release;
		};
/* End XCConfigurationList section */
	};
	rootObject = 9F2E8F471D61695000BC67DB /* Project object */;
}
